# This file is automatically @generated by Poetry 1.5.1 and should not be changed by hand.

[[package]]
name = "decorator"
version = "5.1.1"
description = "Decorators for Humans"
optional = false
python-versions = ">=3.5"
files = [
    {file = "decorator-5.1.1-py3-none-any.whl", hash = "sha256:b8c3f85900b9dc423225913c5aace94729fe1fa9763b38939a95226f02d37186"},
    {file = "decorator-5.1.1.tar.gz", hash = "sha256:637996211036b6385ef91435e4fae22989472f9d571faba8927ba8253acbc330"},
]

[[package]]
name = "isodate"
version = "0.6.1"
description = "An ISO 8601 date/time/duration parser and formatter"
optional = false
python-versions = "*"
files = [
    {file = "isodate-0.6.1-py2.py3-none-any.whl", hash = "sha256:0751eece944162659049d35f4f549ed815792b38793f07cf73381c1c87cbed96"},
    {file = "isodate-0.6.1.tar.gz", hash = "sha256:48c5881de7e8b0a0d648cb024c8062dc84e7b840ed81e864c7614fd3c127bde9"},
]

[package.dependencies]
six = "*"

[[package]]
name = "pyparsing"
version = "3.1.1"
description = "pyparsing module - Classes and methods to define and execute parsing grammars"
optional = false
python-versions = ">=3.6.8"
files = [
    {file = "pyparsing-3.1.1-py3-none-any.whl", hash = "sha256:32c7c0b711493c72ff18a981d24f28aaf9c1fb7ed5e9667c9e84e3db623bdbfb"},
    {file = "pyparsing-3.1.1.tar.gz", hash = "sha256:ede28a1a32462f5a9705e07aea48001a08f7cf81a021585011deba701581a0db"},
]

[package.extras]
diagrams = ["jinja2", "railroad-diagrams"]

[[package]]
name = "rdflib"
version = "7.0.0"
description = "RDFLib is a Python library for working with RDF, a simple yet powerful language for representing information."
optional = false
python-versions = ">=3.8.1,<4.0.0"
files = [
    {file = "rdflib-7.0.0-py3-none-any.whl", hash = "sha256:0438920912a642c866a513de6fe8a0001bd86ef975057d6962c79ce4771687cd"},
    {file = "rdflib-7.0.0.tar.gz", hash = "sha256:9995eb8569428059b8c1affd26b25eac510d64f5043d9ce8c84e0d0036e995ae"},
]

[package.dependencies]
isodate = ">=0.6.0,<0.7.0"
pyparsing = ">=2.1.0,<4"

[package.extras]
berkeleydb = ["berkeleydb (>=18.1.0,<19.0.0)"]
html = ["html5lib (>=1.0,<2.0)"]
lxml = ["lxml (>=4.3.0,<5.0.0)"]
networkx = ["networkx (>=2.0.0,<3.0.0)"]

[[package]]
name = "six"
version = "1.16.0"
description = "Python 2 and 3 compatibility utilities"
optional = false
python-versions = ">=2.7, !=3.0.*, !=3.1.*, !=3.2.*"
files = [
    {file = "six-1.16.0-py2.py3-none-any.whl", hash = "sha256:8abb2f1d86890a2dfb989f9a77cfcfd3e47c2a354b01111771326f8aa26e0254"},
    {file = "six-1.16.0.tar.gz", hash = "sha256:1e61c37477a1626458e36f7b1d82aa5c9b094fa4802892072e49de9c60c4c926"},
]

[[package]]
name = "toml"
version = "0.10.2"
description = "Python Library for Tom's Obvious, Minimal Language"
optional = false
python-versions = ">=2.6, !=3.0.*, !=3.1.*, !=3.2.*"
files = [
    {file = "toml-0.10.2-py2.py3-none-any.whl", hash = "sha256:806143ae5bfb6a3c6e736a764057db0e6a0e05e338b5630894a5f779cabb4f9b"},
    {file = "toml-0.10.2.tar.gz", hash = "sha256:b3bda1d108d5dd99f4a20d24d9c348e91c4db7ab1b749200bded2f839ccbe68f"},
]

[[package]]
name = "validators"
version = "0.20.0"
description = "Python Data Validation for Humans™."
optional = false
python-versions = ">=3.4"
files = [
    {file = "validators-0.20.0.tar.gz", hash = "sha256:24148ce4e64100a2d5e267233e23e7afeb55316b47d30faae7eb6e7292bc226a"},
]

[package.dependencies]
decorator = ">=3.4.0"

[package.extras]
test = ["flake8 (>=2.4.0)", "isort (>=4.2.2)", "pytest (>=2.2.3)"]

[metadata]
lock-version = "2.0"
python-versions = "^3.11"
content-hash = "6eb164e272411cd6702ec24c3d493a55f93fe9fb5234d8ca14e639f36dc3952a"
